// !$*UTF8*$!
{
	archiveVersion = 1;
	classes = {
	};
	objectVersion = 46;
	objects = {

/* Begin PBXBuildFile section */
		1019B84317059168003B58C8 /* UIKit.framework in Frameworks */ = {isa = PBXBuildFile; fileRef = 1019B84217059168003B58C8 /* UIKit.framework */; };
		1019B84517059168003B58C8 /* Foundation.framework in Frameworks */ = {isa = PBXBuildFile; fileRef = 1019B84417059168003B58C8 /* Foundation.framework */; };
		1019B84717059168003B58C8 /* CoreGraphics.framework in Frameworks */ = {isa = PBXBuildFile; fileRef = 1019B84617059168003B58C8 /* CoreGraphics.framework */; };
		1019B84D17059168003B58C8 /* InfoPlist.strings in Resources */ = {isa = PBXBuildFile; fileRef = 1019B84B17059168003B58C8 /* InfoPlist.strings */; };
		1019B84F17059168003B58C8 /* main.m in Sources */ = {isa = PBXBuildFile; fileRef = 1019B84E17059168003B58C8 /* main.m */; };
		1019B85317059168003B58C8 /* AppDelegate.m in Sources */ = {isa = PBXBuildFile; fileRef = 1019B85217059168003B58C8 /* AppDelegate.m */; };
		1019B85517059168003B58C8 /* Default.png in Resources */ = {isa = PBXBuildFile; fileRef = 1019B85417059168003B58C8 /* Default.png */; };
		1019B85717059168003B58C8 /* Default@2x.png in Resources */ = {isa = PBXBuildFile; fileRef = 1019B85617059168003B58C8 /* Default@2x.png */; };
		1019B85917059168003B58C8 /* Default-568h@2x.png in Resources */ = {isa = PBXBuildFile; fileRef = 1019B85817059168003B58C8 /* Default-568h@2x.png */; };
		10B298D317CDBE48000872A0 /* CoreGraphics.framework in Frameworks */ = {isa = PBXBuildFile; fileRef = 1019B84617059168003B58C8 /* CoreGraphics.framework */; };
		10DF422517CC81CC00472C08 /* DemoTableViewController.m in Sources */ = {isa = PBXBuildFile; fileRef = 10DF422417CC81CC00472C08 /* DemoTableViewController.m */; };
		10DF423C17CDADB400472C08 /* SenTestingKit.framework in Frameworks */ = {isa = PBXBuildFile; fileRef = 10DF423B17CDADB400472C08 /* SenTestingKit.framework */; };
		10DF423D17CDADB400472C08 /* UIKit.framework in Frameworks */ = {isa = PBXBuildFile; fileRef = 1019B84217059168003B58C8 /* UIKit.framework */; };
		10DF423E17CDADB400472C08 /* Foundation.framework in Frameworks */ = {isa = PBXBuildFile; fileRef = 1019B84417059168003B58C8 /* Foundation.framework */; };
		10DF424417CDADB400472C08 /* InfoPlist.strings in Resources */ = {isa = PBXBuildFile; fileRef = 10DF424217CDADB400472C08 /* InfoPlist.strings */; };
		10DF424717CDADB400472C08 /* DCScrollViewTest.m in Sources */ = {isa = PBXBuildFile; fileRef = 10DF424617CDADB400472C08 /* DCScrollViewTest.m */; };
		659166C5189265F00074DFE5 /* DCScrollViewCell.m in Sources */ = {isa = PBXBuildFile; fileRef = 659166C4189265F00074DFE5 /* DCScrollViewCell.m */; };
		659166C8189266CC0074DFE5 /* DCTitleScrollViewCell.m in Sources */ = {isa = PBXBuildFile; fileRef = 659166C7189266CC0074DFE5 /* DCTitleScrollViewCell.m */; };
		A107CBED1705DD5700353426 /* DemoViewController.m in Sources */ = {isa = PBXBuildFile; fileRef = A107CBEC1705DD5700353426 /* DemoViewController.m */; };
		A1AF2A04184AFBDA008194CB /* DCScrollView+Logic.m in Sources */ = {isa = PBXBuildFile; fileRef = A1C13407184AFB4000896888 /* DCScrollView+Logic.m */; };
		A1AF2A05184AFBDC008194CB /* DCScrollView.m in Sources */ = {isa = PBXBuildFile; fileRef = A1C13409184AFB4000896888 /* DCScrollView.m */; };
		A1C1340A184AFB4000896888 /* DCScrollView+Logic.m in Sources */ = {isa = PBXBuildFile; fileRef = A1C13407184AFB4000896888 /* DCScrollView+Logic.m */; };
		A1C1340B184AFB4000896888 /* DCScrollView.m in Sources */ = {isa = PBXBuildFile; fileRef = A1C13409184AFB4000896888 /* DCScrollView.m */; };
/* End PBXBuildFile section */

/* Begin PBXFileReference section */
		1019B83F17059168003B58C8 /* Demo.app */ = {isa = PBXFileReference; explicitFileType = wrapper.application; includeInIndex = 0; path = Demo.app; sourceTree = BUILT_PRODUCTS_DIR; };
		1019B84217059168003B58C8 /* UIKit.framework */ = {isa = PBXFileReference; lastKnownFileType = wrapper.framework; name = UIKit.framework; path = System/Library/Frameworks/UIKit.framework; sourceTree = SDKROOT; };
		1019B84417059168003B58C8 /* Foundation.framework */ = {isa = PBXFileReference; lastKnownFileType = wrapper.framework; name = Foundation.framework; path = System/Library/Frameworks/Foundation.framework; sourceTree = SDKROOT; };
		1019B84617059168003B58C8 /* CoreGraphics.framework */ = {isa = PBXFileReference; lastKnownFileType = wrapper.framework; name = CoreGraphics.framework; path = System/Library/Frameworks/CoreGraphics.framework; sourceTree = SDKROOT; };
		1019B84A17059168003B58C8 /* Demo-Info.plist */ = {isa = PBXFileReference; lastKnownFileType = text.plist.xml; path = "Demo-Info.plist"; sourceTree = "<group>"; };
		1019B84C17059168003B58C8 /* en */ = {isa = PBXFileReference; lastKnownFileType = text.plist.strings; name = en; path = en.lproj/InfoPlist.strings; sourceTree = "<group>"; };
		1019B84E17059168003B58C8 /* main.m */ = {isa = PBXFileReference; lastKnownFileType = sourcecode.c.objc; path = main.m; sourceTree = "<group>"; };
		1019B85017059168003B58C8 /* Demo-Prefix.pch */ = {isa = PBXFileReference; lastKnownFileType = sourcecode.c.h; path = "Demo-Prefix.pch"; sourceTree = "<group>"; };
		1019B85117059168003B58C8 /* AppDelegate.h */ = {isa = PBXFileReference; lastKnownFileType = sourcecode.c.h; path = AppDelegate.h; sourceTree = "<group>"; };
		1019B85217059168003B58C8 /* AppDelegate.m */ = {isa = PBXFileReference; lastKnownFileType = sourcecode.c.objc; path = AppDelegate.m; sourceTree = "<group>"; };
		1019B85417059168003B58C8 /* Default.png */ = {isa = PBXFileReference; lastKnownFileType = image.png; path = Default.png; sourceTree = "<group>"; };
		1019B85617059168003B58C8 /* Default@2x.png */ = {isa = PBXFileReference; lastKnownFileType = image.png; path = "Default@2x.png"; sourceTree = "<group>"; };
		1019B85817059168003B58C8 /* Default-568h@2x.png */ = {isa = PBXFileReference; lastKnownFileType = image.png; path = "Default-568h@2x.png"; sourceTree = "<group>"; };
		10DF422317CC81CC00472C08 /* DemoTableViewController.h */ = {isa = PBXFileReference; fileEncoding = 4; lastKnownFileType = sourcecode.c.h; path = DemoTableViewController.h; sourceTree = "<group>"; };
		10DF422417CC81CC00472C08 /* DemoTableViewController.m */ = {isa = PBXFileReference; fileEncoding = 4; lastKnownFileType = sourcecode.c.objc; path = DemoTableViewController.m; sourceTree = "<group>"; };
		10DF423A17CDADB400472C08 /* DCScrollViewTest.octest */ = {isa = PBXFileReference; explicitFileType = wrapper.cfbundle; includeInIndex = 0; path = DCScrollViewTest.octest; sourceTree = BUILT_PRODUCTS_DIR; };
		10DF423B17CDADB400472C08 /* SenTestingKit.framework */ = {isa = PBXFileReference; lastKnownFileType = wrapper.framework; name = SenTestingKit.framework; path = Library/Frameworks/SenTestingKit.framework; sourceTree = DEVELOPER_DIR; };
		10DF424117CDADB400472C08 /* DCScrollViewTest-Info.plist */ = {isa = PBXFileReference; lastKnownFileType = text.plist.xml; path = "DCScrollViewTest-Info.plist"; sourceTree = "<group>"; };
		10DF424317CDADB400472C08 /* en */ = {isa = PBXFileReference; lastKnownFileType = text.plist.strings; name = en; path = en.lproj/InfoPlist.strings; sourceTree = "<group>"; };
		10DF424617CDADB400472C08 /* DCScrollViewTest.m */ = {isa = PBXFileReference; lastKnownFileType = sourcecode.c.objc; path = DCScrollViewTest.m; sourceTree = "<group>"; };
		10DF424817CDADB400472C08 /* DCScrollViewTest-Prefix.pch */ = {isa = PBXFileReference; lastKnownFileType = sourcecode.c.h; path = "DCScrollViewTest-Prefix.pch"; sourceTree = "<group>"; };
		659166C3189265F00074DFE5 /* DCScrollViewCell.h */ = {isa = PBXFileReference; fileEncoding = 4; lastKnownFileType = sourcecode.c.h; path = DCScrollViewCell.h; sourceTree = "<group>"; };
		659166C4189265F00074DFE5 /* DCScrollViewCell.m */ = {isa = PBXFileReference; fileEncoding = 4; lastKnownFileType = sourcecode.c.objc; path = DCScrollViewCell.m; sourceTree = "<group>"; };
		659166C6189266CC0074DFE5 /* DCTitleScrollViewCell.h */ = {isa = PBXFileReference; fileEncoding = 4; lastKnownFileType = sourcecode.c.h; path = DCTitleScrollViewCell.h; sourceTree = "<group>"; };
		659166C7189266CC0074DFE5 /* DCTitleScrollViewCell.m */ = {isa = PBXFileReference; fileEncoding = 4; lastKnownFileType = sourcecode.c.objc; path = DCTitleScrollViewCell.m; sourceTree = "<group>"; };
		A107CBEB1705DD5700353426 /* DemoViewController.h */ = {isa = PBXFileReference; fileEncoding = 4; lastKnownFileType = sourcecode.c.h; path = DemoViewController.h; sourceTree = "<group>"; };
		A107CBEC1705DD5700353426 /* DemoViewController.m */ = {isa = PBXFileReference; fileEncoding = 4; lastKnownFileType = sourcecode.c.objc; path = DemoViewController.m; sourceTree = "<group>"; };
		A1C13406184AFB4000896888 /* DCScrollView+Logic.h */ = {isa = PBXFileReference; fileEncoding = 4; lastKnownFileType = sourcecode.c.h; path = "DCScrollView+Logic.h"; sourceTree = "<group>"; };
		A1C13407184AFB4000896888 /* DCScrollView+Logic.m */ = {isa = PBXFileReference; fileEncoding = 4; lastKnownFileType = sourcecode.c.objc; path = "DCScrollView+Logic.m"; sourceTree = "<group>"; };
		A1C13408184AFB4000896888 /* DCScrollView.h */ = {isa = PBXFileReference; fileEncoding = 4; lastKnownFileType = sourcecode.c.h; path = DCScrollView.h; sourceTree = "<group>"; };
		A1C13409184AFB4000896888 /* DCScrollView.m */ = {isa = PBXFileReference; fileEncoding = 4; lastKnownFileType = sourcecode.c.objc; path = DCScrollView.m; sourceTree = "<group>"; };
/* End PBXFileReference section */

/* Begin PBXFrameworksBuildPhase section */
		1019B83C17059168003B58C8 /* Frameworks */ = {
			isa = PBXFrameworksBuildPhase;
			buildActionMask = 2147483647;
			files = (
				1019B84317059168003B58C8 /* UIKit.framework in Frameworks */,
				1019B84517059168003B58C8 /* Foundation.framework in Frameworks */,
				1019B84717059168003B58C8 /* CoreGraphics.framework in Frameworks */,
			);
			runOnlyForDeploymentPostprocessing = 0;
		};
		10DF423617CDADB400472C08 /* Frameworks */ = {
			isa = PBXFrameworksBuildPhase;
			buildActionMask = 2147483647;
			files = (
				10B298D317CDBE48000872A0 /* CoreGraphics.framework in Frameworks */,
				10DF423C17CDADB400472C08 /* SenTestingKit.framework in Frameworks */,
				10DF423D17CDADB400472C08 /* UIKit.framework in Frameworks */,
				10DF423E17CDADB400472C08 /* Foundation.framework in Frameworks */,
			);
			runOnlyForDeploymentPostprocessing = 0;
		};
/* End PBXFrameworksBuildPhase section */

/* Begin PBXGroup section */
		1019B83617059168003B58C8 = {
			isa = PBXGroup;
			children = (
				A1C13405184AFB4000896888 /* DCScrollView */,
				1019B84817059168003B58C8 /* Demo */,
				10DF423F17CDADB400472C08 /* DCScrollViewTest */,
				1019B84117059168003B58C8 /* Frameworks */,
				1019B84017059168003B58C8 /* Products */,
			);
			sourceTree = "<group>";
		};
		1019B84017059168003B58C8 /* Products */ = {
			isa = PBXGroup;
			children = (
				1019B83F17059168003B58C8 /* Demo.app */,
				10DF423A17CDADB400472C08 /* DCScrollViewTest.octest */,
			);
			name = Products;
			sourceTree = "<group>";
		};
		1019B84117059168003B58C8 /* Frameworks */ = {
			isa = PBXGroup;
			children = (
				1019B84217059168003B58C8 /* UIKit.framework */,
				1019B84417059168003B58C8 /* Foundation.framework */,
				1019B84617059168003B58C8 /* CoreGraphics.framework */,
				10DF423B17CDADB400472C08 /* SenTestingKit.framework */,
			);
			name = Frameworks;
			sourceTree = "<group>";
		};
		1019B84817059168003B58C8 /* Demo */ = {
			isa = PBXGroup;
			children = (
				1019B85117059168003B58C8 /* AppDelegate.h */,
				1019B85217059168003B58C8 /* AppDelegate.m */,
				10DF422317CC81CC00472C08 /* DemoTableViewController.h */,
				10DF422417CC81CC00472C08 /* DemoTableViewController.m */,
				A107CBEB1705DD5700353426 /* DemoViewController.h */,
				A107CBEC1705DD5700353426 /* DemoViewController.m */,
				1019B84917059168003B58C8 /* Supporting Files */,
			);
			path = Demo;
			sourceTree = "<group>";
		};
		1019B84917059168003B58C8 /* Supporting Files */ = {
			isa = PBXGroup;
			children = (
				1019B84A17059168003B58C8 /* Demo-Info.plist */,
				1019B84B17059168003B58C8 /* InfoPlist.strings */,
				1019B84E17059168003B58C8 /* main.m */,
				1019B85017059168003B58C8 /* Demo-Prefix.pch */,
				1019B85417059168003B58C8 /* Default.png */,
				1019B85617059168003B58C8 /* Default@2x.png */,
				1019B85817059168003B58C8 /* Default-568h@2x.png */,
			);
			name = "Supporting Files";
			sourceTree = "<group>";
		};
		10DF423F17CDADB400472C08 /* DCScrollViewTest */ = {
			isa = PBXGroup;
			children = (
				10DF424617CDADB400472C08 /* DCScrollViewTest.m */,
				10DF424017CDADB400472C08 /* Supporting Files */,
			);
			path = DCScrollViewTest;
			sourceTree = "<group>";
		};
		10DF424017CDADB400472C08 /* Supporting Files */ = {
			isa = PBXGroup;
			children = (
				10DF424117CDADB400472C08 /* DCScrollViewTest-Info.plist */,
				10DF424217CDADB400472C08 /* InfoPlist.strings */,
				10DF424817CDADB400472C08 /* DCScrollViewTest-Prefix.pch */,
			);
			name = "Supporting Files";
			sourceTree = "<group>";
		};
		A1C13405184AFB4000896888 /* DCScrollView */ = {
			isa = PBXGroup;
			children = (
				A1C13406184AFB4000896888 /* DCScrollView+Logic.h */,
				A1C13407184AFB4000896888 /* DCScrollView+Logic.m */,
				A1C13408184AFB4000896888 /* DCScrollView.h */,
				A1C13409184AFB4000896888 /* DCScrollView.m */,
				659166C3189265F00074DFE5 /* DCScrollViewCell.h */,
				659166C4189265F00074DFE5 /* DCScrollViewCell.m */,
				659166C6189266CC0074DFE5 /* DCTitleScrollViewCell.h */,
				659166C7189266CC0074DFE5 /* DCTitleScrollViewCell.m */,
			);
			name = DCScrollView;
			path = ../DCScrollView;
			sourceTree = "<group>";
		};
/* End PBXGroup section */

/* Begin PBXNativeTarget section */
		1019B83E17059168003B58C8 /* Demo */ = {
			isa = PBXNativeTarget;
			buildConfigurationList = 1019B85C17059168003B58C8 /* Build configuration list for PBXNativeTarget "Demo" */;
			buildPhases = (
				1019B83B17059168003B58C8 /* Sources */,
				1019B83C17059168003B58C8 /* Frameworks */,
				1019B83D17059168003B58C8 /* Resources */,
			);
			buildRules = (
			);
			dependencies = (
			);
			name = Demo;
			productName = Demo;
			productReference = 1019B83F17059168003B58C8 /* Demo.app */;
			productType = "com.apple.product-type.application";
		};
		10DF423917CDADB400472C08 /* DCScrollViewTest */ = {
			isa = PBXNativeTarget;
			buildConfigurationList = 10DF424B17CDADB400472C08 /* Build configuration list for PBXNativeTarget "DCScrollViewTest" */;
			buildPhases = (
				10DF423517CDADB400472C08 /* Sources */,
				10DF423617CDADB400472C08 /* Frameworks */,
				10DF423717CDADB400472C08 /* Resources */,
				10DF423817CDADB400472C08 /* ShellScript */,
			);
			buildRules = (
			);
			dependencies = (
			);
			name = DCScrollViewTest;
			productName = DCScrollViewTest;
			productReference = 10DF423A17CDADB400472C08 /* DCScrollViewTest.octest */;
			productType = "com.apple.product-type.bundle";
		};
/* End PBXNativeTarget section */

/* Begin PBXProject section */
		1019B83717059168003B58C8 /* Project object */ = {
			isa = PBXProject;
			attributes = {
				LastUpgradeCheck = 0460;
				ORGANIZATIONNAME = "Hirohisa Kawasaki";
			};
			buildConfigurationList = 1019B83A17059168003B58C8 /* Build configuration list for PBXProject "Demo" */;
			compatibilityVersion = "Xcode 3.2";
			developmentRegion = English;
			hasScannedForEncodings = 0;
			knownRegions = (
				en,
			);
			mainGroup = 1019B83617059168003B58C8;
			productRefGroup = 1019B84017059168003B58C8 /* Products */;
			projectDirPath = "";
			projectRoot = "";
			targets = (
				1019B83E17059168003B58C8 /* Demo */,
				10DF423917CDADB400472C08 /* DCScrollViewTest */,
			);
		};
/* End PBXProject section */

/* Begin PBXResourcesBuildPhase section */
		1019B83D17059168003B58C8 /* Resources */ = {
			isa = PBXResourcesBuildPhase;
			buildActionMask = 2147483647;
			files = (
				1019B84D17059168003B58C8 /* InfoPlist.strings in Resources */,
				1019B85517059168003B58C8 /* Default.png in Resources */,
				1019B85717059168003B58C8 /* Default@2x.png in Resources */,
				1019B85917059168003B58C8 /* Default-568h@2x.png in Resources */,
			);
			runOnlyForDeploymentPostprocessing = 0;
		};
		10DF423717CDADB400472C08 /* Resources */ = {
			isa = PBXResourcesBuildPhase;
			buildActionMask = 2147483647;
			files = (
				10DF424417CDADB400472C08 /* InfoPlist.strings in Resources */,
			);
			runOnlyForDeploymentPostprocessing = 0;
		};
/* End PBXResourcesBuildPhase section */

/* Begin PBXShellScriptBuildPhase section */
		10DF423817CDADB400472C08 /* ShellScript */ = {
			isa = PBXShellScriptBuildPhase;
			buildActionMask = 2147483647;
			files = (
			);
			inputPaths = (
			);
			outputPaths = (
			);
			runOnlyForDeploymentPostprocessing = 0;
			shellPath = /bin/sh;
			shellScript = "# Run the unit tests in this test bundle.\n\"${SYSTEM_DEVELOPER_DIR}/Tools/RunUnitTests\"\n";
		};
/* End PBXShellScriptBuildPhase section */

/* Begin PBXSourcesBuildPhase section */
		1019B83B17059168003B58C8 /* Sources */ = {
			isa = PBXSourcesBuildPhase;
			buildActionMask = 2147483647;
			files = (
				1019B84F17059168003B58C8 /* main.m in Sources */,
				1019B85317059168003B58C8 /* AppDelegate.m in Sources */,
				659166C5189265F00074DFE5 /* DCScrollViewCell.m in Sources */,
				A107CBED1705DD5700353426 /* DemoViewController.m in Sources */,
				10DF422517CC81CC00472C08 /* DemoTableViewController.m in Sources */,
				659166C8189266CC0074DFE5 /* DCTitleScrollViewCell.m in Sources */,
				A1C1340B184AFB4000896888 /* DCScrollView.m in Sources */,
				A1C1340A184AFB4000896888 /* DCScrollView+Logic.m in Sources */,
			);
			runOnlyForDeploymentPostprocessing = 0;
		};
		10DF423517CDADB400472C08 /* Sources */ = {
			isa = PBXSourcesBuildPhase;
			buildActionMask = 2147483647;
			files = (
				10DF424717CDADB400472C08 /* DCScrollViewTest.m in Sources */,
				A1AF2A05184AFBDC008194CB /* DCScrollView.m in Sources */,
				A1AF2A04184AFBDA008194CB /* DCScrollView+Logic.m in Sources */,
			);
			runOnlyForDeploymentPostprocessing = 0;
		};
/* End PBXSourcesBuildPhase section */

/* Begin PBXVariantGroup section */
		1019B84B17059168003B58C8 /* InfoPlist.strings */ = {
			isa = PBXVariantGroup;
			children = (
				1019B84C17059168003B58C8 /* en */,
			);
			name = InfoPlist.strings;
			sourceTree = "<group>";
		};
		10DF424217CDADB400472C08 /* InfoPlist.strings */ = {
			isa = PBXVariantGroup;
			children = (
				10DF424317CDADB400472C08 /* en */,
			);
			name = InfoPlist.strings;
			sourceTree = "<group>";
		};
/* End PBXVariantGroup section */

/* Begin XCBuildConfiguration section */
		1019B85A17059168003B58C8 /* Debug */ = {
			isa = XCBuildConfiguration;
			buildSettings = {
				ALWAYS_SEARCH_USER_PATHS = NO;
				CLANG_CXX_LANGUAGE_STANDARD = "gnu++0x";
				CLANG_CXX_LIBRARY = "libc++";
				CLANG_ENABLE_OBJC_ARC = YES;
				CLANG_WARN_CONSTANT_CONVERSION = YES;
				CLANG_WARN_EMPTY_BODY = YES;
				CLANG_WARN_ENUM_CONVERSION = YES;
				CLANG_WARN_INT_CONVERSION = YES;
				CLANG_WARN__DUPLICATE_METHOD_MATCH = YES;
				CODE_SIGN_IDENTITY = "iPhone Developer";
				"CODE_SIGN_IDENTITY[sdk=iphoneos*]" = "iPhone Developer";
				COPY_PHASE_STRIP = NO;
				GCC_C_LANGUAGE_STANDARD = gnu99;
				GCC_DYNAMIC_NO_PIC = NO;
				GCC_OPTIMIZATION_LEVEL = 0;
				GCC_PREPROCESSOR_DEFINITIONS = (
					"DEBUG=1",
					"$(inherited)",
				);
				GCC_SYMBOLS_PRIVATE_EXTERN = NO;
				GCC_WARN_ABOUT_RETURN_TYPE = YES;
				GCC_WARN_UNINITIALIZED_AUTOS = YES;
				GCC_WARN_UNUSED_VARIABLE = YES;
				IPHONEOS_DEPLOYMENT_TARGET = 5.0;
				ONLY_ACTIVE_ARCH = YES;
				PROVISIONING_PROFILE = "";
				SDKROOT = iphoneos;
				TARGETED_DEVICE_FAMILY = "1,2";
			};
			name = Debug;
		};
		1019B85B17059168003B58C8 /* Release */ = {
			isa = XCBuildConfiguration;
			buildSettings = {
				ALWAYS_SEARCH_USER_PATHS = NO;
				CLANG_CXX_LANGUAGE_STANDARD = "gnu++0x";
				CLANG_CXX_LIBRARY = "libc++";
				CLANG_ENABLE_OBJC_ARC = YES;
				CLANG_WARN_CONSTANT_CONVERSION = YES;
				CLANG_WARN_EMPTY_BODY = YES;
				CLANG_WARN_ENUM_CONVERSION = YES;
				CLANG_WARN_INT_CONVERSION = YES;
				CLANG_WARN__DUPLICATE_METHOD_MATCH = YES;
				CODE_SIGN_IDENTITY = "iPhone Developer";
				"CODE_SIGN_IDENTITY[sdk=iphoneos*]" = "iPhone Developer";
				COPY_PHASE_STRIP = YES;
				GCC_C_LANGUAGE_STANDARD = gnu99;
				GCC_WARN_ABOUT_RETURN_TYPE = YES;
				GCC_WARN_UNINITIALIZED_AUTOS = YES;
				GCC_WARN_UNUSED_VARIABLE = YES;
				IPHONEOS_DEPLOYMENT_TARGET = 5.0;
				OTHER_CFLAGS = "-DNS_BLOCK_ASSERTIONS=1";
				PROVISIONING_PROFILE = "";
				SDKROOT = iphoneos;
				TARGETED_DEVICE_FAMILY = "1,2";
				VALIDATE_PRODUCT = YES;
			};
			name = Release;
		};
		1019B85D17059168003B58C8 /* Debug */ = {
			isa = XCBuildConfiguration;
			buildSettings = {
				CODE_SIGN_IDENTITY = "iPhone Developer";
				GCC_PRECOMPILE_PREFIX_HEADER = YES;
				GCC_PREFIX_HEADER = "Demo/Demo-Prefix.pch";
				INFOPLIST_FILE = "Demo/Demo-Info.plist";
				PRODUCT_NAME = "$(TARGET_NAME)";
				PROVISIONING_PROFILE = "";
				TARGETED_DEVICE_FAMILY = "1,2";
				WRAPPER_EXTENSION = app;
			};
			name = Debug;
		};
		1019B85E17059168003B58C8 /* Release */ = {
			isa = XCBuildConfiguration;
			buildSettings = {
				CODE_SIGN_IDENTITY = "iPhone Developer";
				GCC_PRECOMPILE_PREFIX_HEADER = YES;
				GCC_PREFIX_HEADER = "Demo/Demo-Prefix.pch";
				INFOPLIST_FILE = "Demo/Demo-Info.plist";
				PRODUCT_NAME = "$(TARGET_NAME)";
				PROVISIONING_PROFILE = "";
				TARGETED_DEVICE_FAMILY = "1,2";
				WRAPPER_EXTENSION = app;
			};
			name = Release;
		};
		10DF424917CDADB400472C08 /* Debug */ = {
			isa = XCBuildConfiguration;
			buildSettings = {
				FRAMEWORK_SEARCH_PATHS = (
					"\"$(SDKROOT)/Developer/Library/Frameworks\"",
					"\"$(DEVELOPER_LIBRARY_DIR)/Frameworks\"",
				);
				GCC_PRECOMPILE_PREFIX_HEADER = YES;
				GCC_PREFIX_HEADER = "DCScrollViewTest/DCScrollViewTest-Prefix.pch";
				INFOPLIST_FILE = "DCScrollViewTest/DCScrollViewTest-Info.plist";
				IPHONEOS_DEPLOYMENT_TARGET = 6.1;
				PRODUCT_NAME = "$(TARGET_NAME)";
				WRAPPER_EXTENSION = octest;
			};
			name = Debug;
		};
		10DF424A17CDADB400472C08 /* Release */ = {
			isa = XCBuildConfiguration;
			buildSettings = {
				FRAMEWORK_SEARCH_PATHS = (
					"\"$(SDKROOT)/Developer/Library/Frameworks\"",
					"\"$(DEVELOPER_LIBRARY_DIR)/Frameworks\"",
				);
				GCC_PRECOMPILE_PREFIX_HEADER = YES;
				GCC_PREFIX_HEADER = "DCScrollViewTest/DCScrollViewTest-Prefix.pch";
				INFOPLIST_FILE = "DCScrollViewTest/DCScrollViewTest-Info.plist";
				IPHONEOS_DEPLOYMENT_TARGET = 6.1;
				PRODUCT_NAME = "$(TARGET_NAME)";
				WRAPPER_EXTENSION = octest;
			};
			name = Release;
		};
/* End XCBuildConfiguration section */

/* Begin XCConfigurationList section */
		1019B83A17059168003B58C8 /* Build configuration list for PBXProject "Demo" */ = {
			isa = XCConfigurationList;
			buildConfigurations = (
				1019B85A17059168003B58C8 /* Debug */,
				1019B85B17059168003B58C8 /* Release */,
			);
			defaultConfigurationIsVisible = 0;
			defaultConfigurationName = Release;
		};
		1019B85C17059168003B58C8 /* Build configuration list for PBXNativeTarget "Demo" */ = {
			isa = XCConfigurationList;
			buildConfigurations = (
				1019B85D17059168003B58C8 /* Debug */,
				1019B85E17059168003B58C8 /* Release */,
			);
			defaultConfigurationIsVisible = 0;
			defaultConfigurationName = Release;
		};
		10DF424B17CDADB400472C08 /* Build configuration list for PBXNativeTarget "DCScrollViewTest" */ = {
			isa = XCConfigurationList;
			buildConfigurations = (
				10DF424917CDADB400472C08 /* Debug */,
				10DF424A17CDADB400472C08 /* Release */,
			);
			defaultConfigurationIsVisible = 0;
			defaultConfigurationName = Release;
		};
/* End XCConfigurationList section */
	};
	rootObject = 1019B83717059168003B58C8 /* Project object */;
}
